
Microsoft Visual Studio Solution File, Format Version 12.00
# Visual Studio 15
VisualStudioVersion = 15.0.28306.52
MinimumVisualStudioVersion = 10.0.40219.1
Project("{8BC9CEB8-8B4A-11D0-8D11-00A0C91BC942}") = "wordlist", "wordlist\wordlist.vcxproj", "{2EFAAE4E-E148-47B5-B460-DD045482C0D2}"
EndProject
Project("{8BC9CEB8-8B4A-11D0-8D11-00A0C91BC942}") = "wordlist_unit_test", "wordlist_unit_test\wordlist_unit_test.vcxproj", "{BE3BCA25-B2E4-4AA1-B295-1F71AED9AB80}"
EndProject
Project("{8BC9CEB8-8B4A-11D0-8D11-00A0C91BC942}") = "core", "makedll\makedll.vcxproj", "{D4DA2319-9C69-461A-AE98-9C9DD489E9A4}"
EndProject
Project("{8BC9CEB8-8B4A-11D0-8D11-00A0C91BC942}") = "testdll", "testdll\testdll.vcxproj", "{91B678E2-7CCC-4797-8CBA-7B066D624D01}"
EndProject
Global
	GlobalSection(SolutionConfigurationPlatforms) = preSolution
		Debug|x64 = Debug|x64
		Debug|x86 = Debug|x86
		Release|x64 = Release|x64
		Release|x86 = Release|x86
	EndGlobalSection
	GlobalSection(ProjectConfigurationPlatforms) = postSolution
		{2EFAAE4E-E148-47B5-B460-DD045482C0D2}.Debug|x64.ActiveCfg = Debug|x64
		{2EFAAE4E-E148-47B5-B460-DD045482C0D2}.Debug|x64.Build.0 = Debug|x64
		{2EFAAE4E-E148-47B5-B460-DD045482C0D2}.Debug|x86.ActiveCfg = Debug|Win32
		{2EFAAE4E-E148-47B5-B460-DD045482C0D2}.Debug|x86.Build.0 = Debug|Win32
		{2EFAAE4E-E148-47B5-B460-DD045482C0D2}.Release|x64.ActiveCfg = Release|x64
		{2EFAAE4E-E148-47B5-B460-DD045482C0D2}.Release|x64.Build.0 = Release|x64
		{2EFAAE4E-E148-47B5-B460-DD045482C0D2}.Release|x86.ActiveCfg = Release|Win32
		{2EFAAE4E-E148-47B5-B460-DD045482C0D2}.Release|x86.Build.0 = Release|Win32
		{BE3BCA25-B2E4-4AA1-B295-1F71AED9AB80}.Debug|x64.ActiveCfg = Debug|x64
		{BE3BCA25-B2E4-4AA1-B295-1F71AED9AB80}.Debug|x64.Build.0 = Debug|x64
		{BE3BCA25-B2E4-4AA1-B295-1F71AED9AB80}.Debug|x86.ActiveCfg = Debug|Win32
		{BE3BCA25-B2E4-4AA1-B295-1F71AED9AB80}.Debug|x86.Build.0 = Debug|Win32
		{BE3BCA25-B2E4-4AA1-B295-1F71AED9AB80}.Release|x64.ActiveCfg = Release|x64
		{BE3BCA25-B2E4-4AA1-B295-1F71AED9AB80}.Release|x64.Build.0 = Release|x64
		{BE3BCA25-B2E4-4AA1-B295-1F71AED9AB80}.Release|x86.ActiveCfg = Release|Win32
		{BE3BCA25-B2E4-4AA1-B295-1F71AED9AB80}.Release|x86.Build.0 = Release|Win32
		{D4DA2319-9C69-461A-AE98-9C9DD489E9A4}.Debug|x64.ActiveCfg = Debug|x64
		{D4DA2319-9C69-461A-AE98-9C9DD489E9A4}.Debug|x64.Build.0 = Debug|x64
		{D4DA2319-9C69-461A-AE98-9C9DD489E9A4}.Debug|x86.ActiveCfg = Debug|Win32
		{D4DA2319-9C69-461A-AE98-9C9DD489E9A4}.Debug|x86.Build.0 = Debug|Win32
		{D4DA2319-9C69-461A-AE98-9C9DD489E9A4}.Release|x64.ActiveCfg = Release|x64
		{D4DA2319-9C69-461A-AE98-9C9DD489E9A4}.Release|x64.Build.0 = Release|x64
		{D4DA2319-9C69-461A-AE98-9C9DD489E9A4}.Release|x86.ActiveCfg = Release|Win32
		{D4DA2319-9C69-461A-AE98-9C9DD489E9A4}.Release|x86.Build.0 = Release|Win32
		{91B678E2-7CCC-4797-8CBA-7B066D624D01}.Debug|x64.ActiveCfg = Debug|x64
		{91B678E2-7CCC-4797-8CBA-7B066D624D01}.Debug|x64.Build.0 = Debug|x64
		{91B678E2-7CCC-4797-8CBA-7B066D624D01}.Debug|x86.ActiveCfg = Debug|Win32
		{91B678E2-7CCC-4797-8CBA-7B066D624D01}.Debug|x86.Build.0 = Debug|Win32
		{91B678E2-7CCC-4797-8CBA-7B066D624D01}.Release|x64.ActiveCfg = Release|x64
		{91B678E2-7CCC-4797-8CBA-7B066D624D01}.Release|x64.Build.0 = Release|x64
		{91B678E2-7CCC-4797-8CBA-7B066D624D01}.Release|x86.ActiveCfg = Release|Win32
		{91B678E2-7CCC-4797-8CBA-7B066D624D01}.Release|x86.Build.0 = Release|Win32
	EndGlobalSection
	GlobalSection(SolutionProperties) = preSolution
		HideSolutionNode = FALSE
	EndGlobalSection
	GlobalSection(ExtensibilityGlobals) = postSolution
		SolutionGuid = {0A2E44F6-50B4-4F75-86D6-8A2DC6B53F3F}
	EndGlobalSection
EndGlobal
